
Microsoft Visual Studio Solution File, Format Version 11.00
# Visual Studio 2010
Project("{00000000-0000-0000-0000-000000000000}") = "rhmgWebsite.Web", "rhmgWebsite.Web.csproj", "{561FFD3E-E0CE-4D7B-A668-6D8BA8258FFF}"
EndProject
Global
	GlobalSection(SolutionConfigurationPlatforms) = preSolution
		Debug|Any CPU = Debug|Any CPU
		Release|Any CPU = Release|Any CPU
	EndGlobalSection
	GlobalSection(ProjectConfigurationPlatforms) = postSolution
		{561FFD3E-E0CE-4D7B-A668-6D8BA8258FFF}.Debug|Any CPU.ActiveCfg = Debug|Any CPU
		{561FFD3E-E0CE-4D7B-A668-6D8BA8258FFF}.Debug|Any CPU.Build.0 = Debug|Any CPU
		{561FFD3E-E0CE-4D7B-A668-6D8BA8258FFF}.Release|Any CPU.ActiveCfg = Release|Any CPU
		{561FFD3E-E0CE-4D7B-A668-6D8BA8258FFF}.Release|Any CPU.Build.0 = Release|Any CPU
	EndGlobalSection
	GlobalSection(SolutionProperties) = preSolution
		HideSolutionNode = FALSE
	EndGlobalSection
EndGlobal
